{
  "requires": true,
  "lockfileVersion": 1,
  "dependencies": {
    "@types/node": {
      "version": "12.7.4",
      "resolved": "https://registry.npmjs.org/@types/node/-/node-12.7.4.tgz",
      "integrity": "sha512-W0+n1Y+gK/8G2P/piTkBBN38Qc5Q1ZSO6B5H3QmPCUewaiXOo2GCAWZ4ElZCcNhjJuBSUSLGFUJnmlCn5+nxOQ==",
      "dev": true
    },
    "@types/node-fetch": {
      "version": "2.5.0",
      "resolved": "https://registry.npmjs.org/@types/node-fetch/-/node-fetch-2.5.0.tgz",
      "integrity": "sha512-TLFRywthBgL68auWj+ziWu+vnmmcHCDFC/sqCOQf1xTz4hRq8cu79z8CtHU9lncExGBsB8fXA4TiLDLt6xvMzw==",
      "dev": true,
      "requires": {
        "@types/node": "*"
      }
    },
    "log4javascript": {
      "version": "1.4.15",
      "resolved": "https://registry.npmjs.org/log4javascript/-/log4javascript-1.4.15.tgz",
      "integrity": "sha1-haxi6UawJMayViFghOEGAdVjBgQ="
    },
    "node-fetch": {
      "version": "2.6.0",
      "resolved": "https://registry.npmjs.org/node-fetch/-/node-fetch-2.6.0.tgz",
      "integrity": "sha512-8dG4H5ujfvFiqDmVu9fQ5bOHUC15JMjMY/Zumv26oOvvVJjM67KF8koCWIabKQ1GJIa9r2mMZscBq/TbdOcmNA=="
    },
    "typescript-http-client": {
      "version": "0.10.0",
      "resolved": "https://registry.npmjs.org/typescript-http-client/-/typescript-http-client-0.10.0.tgz",
      "integrity": "sha512-MzQRxbA9izSNRKWW6HU5SoIaPRcgHSnSemUzVf0z6UNn8miKu+/7Ji9CsOORBD+vqrqNM7cjFtAvxSg38SBSsQ==",
      "requires": {
        "log4javascript": "^1.4.15"
      }
    }
  }
}
